
Microsoft Visual Studio Solution File, Format Version 12.00
# Visual Studio 15
VisualStudioVersion = 15.0.28307.779
MinimumVisualStudioVersion = 10.0.40219.1
Project("{2150E333-8FDC-42A3-9474-1A3956D46DE8}") = "CleanArch.Application", "CleanArch.Application", "{C399E672-F1B0-4923-B5DD-788A7AF962F3}"
EndProject
Project("{2150E333-8FDC-42A3-9474-1A3956D46DE8}") = "CleanArch.Domain", "CleanArch.Domain", "{BC740FE7-D1FA-40F5-8E07-FEC111209874}"
EndProject
Project("{2150E333-8FDC-42A3-9474-1A3956D46DE8}") = "CleanArch.Infra.IoC", "CleanArch.Infra.IoC", "{2202E897-0D0A-4CBE-BA67-C0DB81C6C30B}"
EndProject
Project("{2150E333-8FDC-42A3-9474-1A3956D46DE8}") = "CleanArch.Infra.Data", "CleanArch.Infra.Data", "{9B3149A0-8529-4B46-985B-C8BDE183D8CA}"
EndProject
Project("{2150E333-8FDC-42A3-9474-1A3956D46DE8}") = "CleanArch.UI.Mvc", "CleanArch.UI.Mvc", "{01FF8334-9C9F-4E7B-BB27-363773EC877F}"
EndProject
Project("{FAE04EC0-301F-11D3-BF4B-00C04F79EFBC}") = "CleanArch.Mvc", "CleanArch.Mvc\CleanArch.Mvc.csproj", "{5CFAE877-8382-4DC9-9FA6-48FC0AAF8326}"
EndProject
Global
	GlobalSection(SolutionConfigurationPlatforms) = preSolution
		Debug|Any CPU = Debug|Any CPU
		Release|Any CPU = Release|Any CPU
	EndGlobalSection
	GlobalSection(ProjectConfigurationPlatforms) = postSolution
		{5CFAE877-8382-4DC9-9FA6-48FC0AAF8326}.Debug|Any CPU.ActiveCfg = Debug|Any CPU
		{5CFAE877-8382-4DC9-9FA6-48FC0AAF8326}.Debug|Any CPU.Build.0 = Debug|Any CPU
		{5CFAE877-8382-4DC9-9FA6-48FC0AAF8326}.Release|Any CPU.ActiveCfg = Release|Any CPU
		{5CFAE877-8382-4DC9-9FA6-48FC0AAF8326}.Release|Any CPU.Build.0 = Release|Any CPU
	EndGlobalSection
	GlobalSection(SolutionProperties) = preSolution
		HideSolutionNode = FALSE
	EndGlobalSection
	GlobalSection(NestedProjects) = preSolution
		{5CFAE877-8382-4DC9-9FA6-48FC0AAF8326} = {01FF8334-9C9F-4E7B-BB27-363773EC877F}
	EndGlobalSection
	GlobalSection(ExtensibilityGlobals) = postSolution
		SolutionGuid = {52A70EEF-D0FF-4BF5-B009-CD5F32355876}
	EndGlobalSection
EndGlobal
